
Microsoft Visual Studio Solution File, Format Version 12.00
# Visual Studio 15
VisualStudioVersion = 15.0.27004.2006
MinimumVisualStudioVersion = 10.0.40219.1
Project("{FAE04EC0-301F-11D3-BF4B-00C04F79EFBC}") = "AdventConsole", "AdventConsole.csproj", "{88CDE3EA-83B4-4908-903F-E5D4C20B96DA}"
EndProject
Project("{FAE04EC0-301F-11D3-BF4B-00C04F79EFBC}") = "Day1UnitTest", "..\Day1UnitTest\Day1UnitTest.csproj", "{9460F89A-08DC-4929-88BA-F68D1BBA6E98}"
EndProject
Global
	GlobalSection(SolutionConfigurationPlatforms) = preSolution
		Debug|Any CPU = Debug|Any CPU
		Release|Any CPU = Release|Any CPU
	EndGlobalSection
	GlobalSection(ProjectConfigurationPlatforms) = postSolution
		{88CDE3EA-83B4-4908-903F-E5D4C20B96DA}.Debug|Any CPU.ActiveCfg = Debug|Any CPU
		{88CDE3EA-83B4-4908-903F-E5D4C20B96DA}.Debug|Any CPU.Build.0 = Debug|Any CPU
		{88CDE3EA-83B4-4908-903F-E5D4C20B96DA}.Release|Any CPU.ActiveCfg = Release|Any CPU
		{88CDE3EA-83B4-4908-903F-E5D4C20B96DA}.Release|Any CPU.Build.0 = Release|Any CPU
		{9460F89A-08DC-4929-88BA-F68D1BBA6E98}.Debug|Any CPU.ActiveCfg = Debug|Any CPU
		{9460F89A-08DC-4929-88BA-F68D1BBA6E98}.Debug|Any CPU.Build.0 = Debug|Any CPU
		{9460F89A-08DC-4929-88BA-F68D1BBA6E98}.Release|Any CPU.ActiveCfg = Release|Any CPU
		{9460F89A-08DC-4929-88BA-F68D1BBA6E98}.Release|Any CPU.Build.0 = Release|Any CPU
	EndGlobalSection
	GlobalSection(SolutionProperties) = preSolution
		HideSolutionNode = FALSE
	EndGlobalSection
	GlobalSection(ExtensibilityGlobals) = postSolution
		SolutionGuid = {79B10D2C-B5BA-4AF5-8F2D-DDC3FC83C23A}
	EndGlobalSection
EndGlobal
